
Microsoft Visual Studio Solution File, Format Version 12.00
# Visual Studio 14
VisualStudioVersion = 14.0.25420.1
MinimumVisualStudioVersion = 10.0.40219.1
Project("{8BC9CEB8-8B4A-11D0-8D11-00A0C91BC942}") = "W32Warmup-1", "W32Warmup-1\W32Warmup-1.vcxproj", "{6A8D1BF3-B8F8-4669-9F2E-CCAA4877F5A7}"
EndProject
Project("{8BC9CEB8-8B4A-11D0-8D11-00A0C91BC942}") = "W32Warmup-2", "W32Warmup-2\W32Warmup-2.vcxproj", "{664D6377-DB5C-4121-95E7-C9833C6D4681}"
EndProject
Project("{8BC9CEB8-8B4A-11D0-8D11-00A0C91BC942}") = "W32AP-1", "W32AP-1\W32AP-1.vcxproj", "{DBBD7AE9-D819-4EC8-B41E-311E679E33B0}"
EndProject
Project("{8BC9CEB8-8B4A-11D0-8D11-00A0C91BC942}") = "W32Array-1", "W32Array-1\W32Array-1.vcxproj", "{1ECB3D6E-79A9-4BDD-A3DF-C5F9670EC5F8}"
EndProject
Project("{8BC9CEB8-8B4A-11D0-8D11-00A0C91BC942}") = "W32Interview-1", "W32Interview-1\W32Interview-1.vcxproj", "{90030EDD-3B79-4C7A-BF63-33D6254328AD}"
EndProject
Project("{8BC9CEB8-8B4A-11D0-8D11-00A0C91BC942}") = "W32Logic-1", "W32Logic-1\W32Logic-1.vcxproj", "{BA6E83C1-4D84-48CE-A8EF-C68B0DAA8AB8}"
EndProject
Project("{8BC9CEB8-8B4A-11D0-8D11-00A0C91BC942}") = "W32Recursion-1", "W32Recursion-1\W32Recursion-1.vcxproj", "{BB4667C5-6F73-49C9-83C7-F3CD44C17274}"
EndProject
Project("{8BC9CEB8-8B4A-11D0-8D11-00A0C91BC942}") = "W32String-1", "W32String-1\W32String-1.vcxproj", "{6E18FEA4-B47F-438B-8100-E78644CEA38C}"
EndProject
Project("{8BC9CEB8-8B4A-11D0-8D11-00A0C91BC942}") = "W32Array-2", "W32Array-2\W32Array-2.vcxproj", "{EAF62415-B4DE-4BA0-AA7D-CBC0DD5C0EEE}"
EndProject
Project("{8BC9CEB8-8B4A-11D0-8D11-00A0C91BC942}") = "W32Array-3", "W32Array-3\W32Array-3.vcxproj", "{DAEBCF27-4F72-4DC8-B7DA-F30885BC3B1A}"
EndProject
Project("{8BC9CEB8-8B4A-11D0-8D11-00A0C91BC942}") = "W32Logic-2", "W32Logic-2\W32Logic-2.vcxproj", "{F26DBFC6-80EE-4E68-B45B-51192DDAC8C7}"
EndProject
Project("{8BC9CEB8-8B4A-11D0-8D11-00A0C91BC942}") = "W32String-2", "W32String-2\W32String-2.vcxproj", "{065A4E45-0F74-477C-9930-63ACFE0557E3}"
EndProject
Project("{8BC9CEB8-8B4A-11D0-8D11-00A0C91BC942}") = "W32String-3", "W32String-3\W32String-3.vcxproj", "{BB139BC0-C29A-4241-8D3C-224BEE433E56}"
EndProject
Project("{8BC9CEB8-8B4A-11D0-8D11-00A0C91BC942}") = "W32Codewars-1", "W32Codewars-1\W32Codewars-1.vcxproj", "{89148348-EF73-4CF5-A826-4E2C062C23C3}"
EndProject
Global
	GlobalSection(SolutionConfigurationPlatforms) = preSolution
		Debug|x64 = Debug|x64
		Debug|x86 = Debug|x86
		Release|x64 = Release|x64
		Release|x86 = Release|x86
	EndGlobalSection
	GlobalSection(ProjectConfigurationPlatforms) = postSolution
		{6A8D1BF3-B8F8-4669-9F2E-CCAA4877F5A7}.Debug|x64.ActiveCfg = Debug|x64
		{6A8D1BF3-B8F8-4669-9F2E-CCAA4877F5A7}.Debug|x64.Build.0 = Debug|x64
		{6A8D1BF3-B8F8-4669-9F2E-CCAA4877F5A7}.Debug|x86.ActiveCfg = Debug|Win32
		{6A8D1BF3-B8F8-4669-9F2E-CCAA4877F5A7}.Debug|x86.Build.0 = Debug|Win32
		{6A8D1BF3-B8F8-4669-9F2E-CCAA4877F5A7}.Release|x64.ActiveCfg = Release|x64
		{6A8D1BF3-B8F8-4669-9F2E-CCAA4877F5A7}.Release|x64.Build.0 = Release|x64
		{6A8D1BF3-B8F8-4669-9F2E-CCAA4877F5A7}.Release|x86.ActiveCfg = Release|Win32
		{6A8D1BF3-B8F8-4669-9F2E-CCAA4877F5A7}.Release|x86.Build.0 = Release|Win32
		{664D6377-DB5C-4121-95E7-C9833C6D4681}.Debug|x64.ActiveCfg = Debug|x64
		{664D6377-DB5C-4121-95E7-C9833C6D4681}.Debug|x64.Build.0 = Debug|x64
		{664D6377-DB5C-4121-95E7-C9833C6D4681}.Debug|x86.ActiveCfg = Debug|Win32
		{664D6377-DB5C-4121-95E7-C9833C6D4681}.Debug|x86.Build.0 = Debug|Win32
		{664D6377-DB5C-4121-95E7-C9833C6D4681}.Release|x64.ActiveCfg = Release|x64
		{664D6377-DB5C-4121-95E7-C9833C6D4681}.Release|x64.Build.0 = Release|x64
		{664D6377-DB5C-4121-95E7-C9833C6D4681}.Release|x86.ActiveCfg = Release|Win32
		{664D6377-DB5C-4121-95E7-C9833C6D4681}.Release|x86.Build.0 = Release|Win32
		{DBBD7AE9-D819-4EC8-B41E-311E679E33B0}.Debug|x64.ActiveCfg = Debug|x64
		{DBBD7AE9-D819-4EC8-B41E-311E679E33B0}.Debug|x64.Build.0 = Debug|x64
		{DBBD7AE9-D819-4EC8-B41E-311E679E33B0}.Debug|x86.ActiveCfg = Debug|Win32
		{DBBD7AE9-D819-4EC8-B41E-311E679E33B0}.Debug|x86.Build.0 = Debug|Win32
		{DBBD7AE9-D819-4EC8-B41E-311E679E33B0}.Release|x64.ActiveCfg = Release|x64
		{DBBD7AE9-D819-4EC8-B41E-311E679E33B0}.Release|x64.Build.0 = Release|x64
		{DBBD7AE9-D819-4EC8-B41E-311E679E33B0}.Release|x86.ActiveCfg = Release|Win32
		{DBBD7AE9-D819-4EC8-B41E-311E679E33B0}.Release|x86.Build.0 = Release|Win32
		{1ECB3D6E-79A9-4BDD-A3DF-C5F9670EC5F8}.Debug|x64.ActiveCfg = Debug|x64
		{1ECB3D6E-79A9-4BDD-A3DF-C5F9670EC5F8}.Debug|x64.Build.0 = Debug|x64
		{1ECB3D6E-79A9-4BDD-A3DF-C5F9670EC5F8}.Debug|x86.ActiveCfg = Debug|Win32
		{1ECB3D6E-79A9-4BDD-A3DF-C5F9670EC5F8}.Debug|x86.Build.0 = Debug|Win32
		{1ECB3D6E-79A9-4BDD-A3DF-C5F9670EC5F8}.Release|x64.ActiveCfg = Release|x64
		{1ECB3D6E-79A9-4BDD-A3DF-C5F9670EC5F8}.Release|x64.Build.0 = Release|x64
		{1ECB3D6E-79A9-4BDD-A3DF-C5F9670EC5F8}.Release|x86.ActiveCfg = Release|Win32
		{1ECB3D6E-79A9-4BDD-A3DF-C5F9670EC5F8}.Release|x86.Build.0 = Release|Win32
		{90030EDD-3B79-4C7A-BF63-33D6254328AD}.Debug|x64.ActiveCfg = Debug|x64
		{90030EDD-3B79-4C7A-BF63-33D6254328AD}.Debug|x64.Build.0 = Debug|x64
		{90030EDD-3B79-4C7A-BF63-33D6254328AD}.Debug|x86.ActiveCfg = Debug|Win32
		{90030EDD-3B79-4C7A-BF63-33D6254328AD}.Debug|x86.Build.0 = Debug|Win32
		{90030EDD-3B79-4C7A-BF63-33D6254328AD}.Release|x64.ActiveCfg = Release|x64
		{90030EDD-3B79-4C7A-BF63-33D6254328AD}.Release|x64.Build.0 = Release|x64
		{90030EDD-3B79-4C7A-BF63-33D6254328AD}.Release|x86.ActiveCfg = Release|Win32
		{90030EDD-3B79-4C7A-BF63-33D6254328AD}.Release|x86.Build.0 = Release|Win32
		{BA6E83C1-4D84-48CE-A8EF-C68B0DAA8AB8}.Debug|x64.ActiveCfg = Debug|x64
		{BA6E83C1-4D84-48CE-A8EF-C68B0DAA8AB8}.Debug|x64.Build.0 = Debug|x64
		{BA6E83C1-4D84-48CE-A8EF-C68B0DAA8AB8}.Debug|x86.ActiveCfg = Debug|Win32
		{BA6E83C1-4D84-48CE-A8EF-C68B0DAA8AB8}.Debug|x86.Build.0 = Debug|Win32
		{BA6E83C1-4D84-48CE-A8EF-C68B0DAA8AB8}.Release|x64.ActiveCfg = Release|x64
		{BA6E83C1-4D84-48CE-A8EF-C68B0DAA8AB8}.Release|x64.Build.0 = Release|x64
		{BA6E83C1-4D84-48CE-A8EF-C68B0DAA8AB8}.Release|x86.ActiveCfg = Release|Win32
		{BA6E83C1-4D84-48CE-A8EF-C68B0DAA8AB8}.Release|x86.Build.0 = Release|Win32
		{BB4667C5-6F73-49C9-83C7-F3CD44C17274}.Debug|x64.ActiveCfg = Debug|x64
		{BB4667C5-6F73-49C9-83C7-F3CD44C17274}.Debug|x64.Build.0 = Debug|x64
		{BB4667C5-6F73-49C9-83C7-F3CD44C17274}.Debug|x86.ActiveCfg = Debug|Win32
		{BB4667C5-6F73-49C9-83C7-F3CD44C17274}.Debug|x86.Build.0 = Debug|Win32
		{BB4667C5-6F73-49C9-83C7-F3CD44C17274}.Release|x64.ActiveCfg = Release|x64
		{BB4667C5-6F73-49C9-83C7-F3CD44C17274}.Release|x64.Build.0 = Release|x64
		{BB4667C5-6F73-49C9-83C7-F3CD44C17274}.Release|x86.ActiveCfg = Release|Win32
		{BB4667C5-6F73-49C9-83C7-F3CD44C17274}.Release|x86.Build.0 = Release|Win32
		{6E18FEA4-B47F-438B-8100-E78644CEA38C}.Debug|x64.ActiveCfg = Debug|x64
		{6E18FEA4-B47F-438B-8100-E78644CEA38C}.Debug|x64.Build.0 = Debug|x64
		{6E18FEA4-B47F-438B-8100-E78644CEA38C}.Debug|x86.ActiveCfg = Debug|Win32
		{6E18FEA4-B47F-438B-8100-E78644CEA38C}.Debug|x86.Build.0 = Debug|Win32
		{6E18FEA4-B47F-438B-8100-E78644CEA38C}.Release|x64.ActiveCfg = Release|x64
		{6E18FEA4-B47F-438B-8100-E78644CEA38C}.Release|x64.Build.0 = Release|x64
		{6E18FEA4-B47F-438B-8100-E78644CEA38C}.Release|x86.ActiveCfg = Release|Win32
		{6E18FEA4-B47F-438B-8100-E78644CEA38C}.Release|x86.Build.0 = Release|Win32
		{EAF62415-B4DE-4BA0-AA7D-CBC0DD5C0EEE}.Debug|x64.ActiveCfg = Debug|x64
		{EAF62415-B4DE-4BA0-AA7D-CBC0DD5C0EEE}.Debug|x64.Build.0 = Debug|x64
		{EAF62415-B4DE-4BA0-AA7D-CBC0DD5C0EEE}.Debug|x86.ActiveCfg = Debug|Win32
		{EAF62415-B4DE-4BA0-AA7D-CBC0DD5C0EEE}.Debug|x86.Build.0 = Debug|Win32
		{EAF62415-B4DE-4BA0-AA7D-CBC0DD5C0EEE}.Release|x64.ActiveCfg = Release|x64
		{EAF62415-B4DE-4BA0-AA7D-CBC0DD5C0EEE}.Release|x64.Build.0 = Release|x64
		{EAF62415-B4DE-4BA0-AA7D-CBC0DD5C0EEE}.Release|x86.ActiveCfg = Release|Win32
		{EAF62415-B4DE-4BA0-AA7D-CBC0DD5C0EEE}.Release|x86.Build.0 = Release|Win32
		{DAEBCF27-4F72-4DC8-B7DA-F30885BC3B1A}.Debug|x64.ActiveCfg = Debug|x64
		{DAEBCF27-4F72-4DC8-B7DA-F30885BC3B1A}.Debug|x64.Build.0 = Debug|x64
		{DAEBCF27-4F72-4DC8-B7DA-F30885BC3B1A}.Debug|x86.ActiveCfg = Debug|Win32
		{DAEBCF27-4F72-4DC8-B7DA-F30885BC3B1A}.Debug|x86.Build.0 = Debug|Win32
		{DAEBCF27-4F72-4DC8-B7DA-F30885BC3B1A}.Release|x64.ActiveCfg = Release|x64
		{DAEBCF27-4F72-4DC8-B7DA-F30885BC3B1A}.Release|x64.Build.0 = Release|x64
		{DAEBCF27-4F72-4DC8-B7DA-F30885BC3B1A}.Release|x86.ActiveCfg = Release|Win32
		{DAEBCF27-4F72-4DC8-B7DA-F30885BC3B1A}.Release|x86.Build.0 = Release|Win32
		{F26DBFC6-80EE-4E68-B45B-51192DDAC8C7}.Debug|x64.ActiveCfg = Debug|x64
		{F26DBFC6-80EE-4E68-B45B-51192DDAC8C7}.Debug|x64.Build.0 = Debug|x64
		{F26DBFC6-80EE-4E68-B45B-51192DDAC8C7}.Debug|x86.ActiveCfg = Debug|Win32
		{F26DBFC6-80EE-4E68-B45B-51192DDAC8C7}.Debug|x86.Build.0 = Debug|Win32
		{F26DBFC6-80EE-4E68-B45B-51192DDAC8C7}.Release|x64.ActiveCfg = Release|x64
		{F26DBFC6-80EE-4E68-B45B-51192DDAC8C7}.Release|x64.Build.0 = Release|x64
		{F26DBFC6-80EE-4E68-B45B-51192DDAC8C7}.Release|x86.ActiveCfg = Release|Win32
		{F26DBFC6-80EE-4E68-B45B-51192DDAC8C7}.Release|x86.Build.0 = Release|Win32
		{065A4E45-0F74-477C-9930-63ACFE0557E3}.Debug|x64.ActiveCfg = Debug|x64
		{065A4E45-0F74-477C-9930-63ACFE0557E3}.Debug|x64.Build.0 = Debug|x64
		{065A4E45-0F74-477C-9930-63ACFE0557E3}.Debug|x86.ActiveCfg = Debug|Win32
		{065A4E45-0F74-477C-9930-63ACFE0557E3}.Debug|x86.Build.0 = Debug|Win32
		{065A4E45-0F74-477C-9930-63ACFE0557E3}.Release|x64.ActiveCfg = Release|x64
		{065A4E45-0F74-477C-9930-63ACFE0557E3}.Release|x64.Build.0 = Release|x64
		{065A4E45-0F74-477C-9930-63ACFE0557E3}.Release|x86.ActiveCfg = Release|Win32
		{065A4E45-0F74-477C-9930-63ACFE0557E3}.Release|x86.Build.0 = Release|Win32
		{BB139BC0-C29A-4241-8D3C-224BEE433E56}.Debug|x64.ActiveCfg = Debug|x64
		{BB139BC0-C29A-4241-8D3C-224BEE433E56}.Debug|x64.Build.0 = Debug|x64
		{BB139BC0-C29A-4241-8D3C-224BEE433E56}.Debug|x86.ActiveCfg = Debug|Win32
		{BB139BC0-C29A-4241-8D3C-224BEE433E56}.Debug|x86.Build.0 = Debug|Win32
		{BB139BC0-C29A-4241-8D3C-224BEE433E56}.Release|x64.ActiveCfg = Release|x64
		{BB139BC0-C29A-4241-8D3C-224BEE433E56}.Release|x64.Build.0 = Release|x64
		{BB139BC0-C29A-4241-8D3C-224BEE433E56}.Release|x86.ActiveCfg = Release|Win32
		{BB139BC0-C29A-4241-8D3C-224BEE433E56}.Release|x86.Build.0 = Release|Win32
		{89148348-EF73-4CF5-A826-4E2C062C23C3}.Debug|x64.ActiveCfg = Debug|x64
		{89148348-EF73-4CF5-A826-4E2C062C23C3}.Debug|x64.Build.0 = Debug|x64
		{89148348-EF73-4CF5-A826-4E2C062C23C3}.Debug|x86.ActiveCfg = Debug|Win32
		{89148348-EF73-4CF5-A826-4E2C062C23C3}.Debug|x86.Build.0 = Debug|Win32
		{89148348-EF73-4CF5-A826-4E2C062C23C3}.Release|x64.ActiveCfg = Release|x64
		{89148348-EF73-4CF5-A826-4E2C062C23C3}.Release|x64.Build.0 = Release|x64
		{89148348-EF73-4CF5-A826-4E2C062C23C3}.Release|x86.ActiveCfg = Release|Win32
		{89148348-EF73-4CF5-A826-4E2C062C23C3}.Release|x86.Build.0 = Release|Win32
	EndGlobalSection
	GlobalSection(SolutionProperties) = preSolution
		HideSolutionNode = FALSE
	EndGlobalSection
EndGlobal
